
Microsoft Visual Studio Solution File, Format Version 12.00
# Visual Studio Version 17
VisualStudioVersion = 17.14.36202.13
MinimumVisualStudioVersion = 10.0.40219.1
Project("{FAE04EC0-301F-11D3-BF4B-00C04F79EFBC}") = "FirstApp", "FirstApp\FirstApp.csproj", "{7CB40A96-933D-49E4-8E06-EEEF231B6608}"
EndProject
Project("{FAE04EC0-301F-11D3-BF4B-00C04F79EFBC}") = "ConsoleApp2", "ConsoleApp2\ConsoleApp2.csproj", "{85CBD874-34F1-432E-B881-5AC76E743216}"
EndProject
Project("{FAE04EC0-301F-11D3-BF4B-00C04F79EFBC}") = "Enum", "Enum\Enum.csproj", "{1756C036-C35A-4B1F-8A15-526BE485FBEA}"
EndProject
Project("{FAE04EC0-301F-11D3-BF4B-00C04F79EFBC}") = "Operands", "Operands\Operands.csproj", "{425DC925-8E4F-432E-B643-C74A6033B657}"
EndProject
Project("{FAE04EC0-301F-11D3-BF4B-00C04F79EFBC}") = "Types", "Types\Types.csproj", "{DECB6777-956F-44AD-82C9-FDEAFE4B16EE}"
EndProject
Project("{FAE04EC0-301F-11D3-BF4B-00C04F79EFBC}") = "4.1Modul", "2.4.1Modul\4.1Modul.csproj", "{9BEF3A24-35ED-4F28-894E-5FF17580CCE5}"
EndProject
Project("{FAE04EC0-301F-11D3-BF4B-00C04F79EFBC}") = "4.1.17Unit", "4.1.17Unit\4.1.17Unit.csproj", "{E37685E2-8F80-4BB8-94F9-AD43664C33A9}"
EndProject
Project("{FAE04EC0-301F-11D3-BF4B-00C04F79EFBC}") = "4.2.11Unit", "4.2.11Unit\4.2.11Unit.csproj", "{2410AD12-C054-40AC-A255-03E7469785E6}"
EndProject
Project("{FAE04EC0-301F-11D3-BF4B-00C04F79EFBC}") = "4.3.7Unit", "4.3.1Unit\4.3.7Unit.csproj", "{AE3CBE90-1AEA-4C93-A9BF-6D865CD3367C}"
EndProject
Project("{FAE04EC0-301F-11D3-BF4B-00C04F79EFBC}") = "4.3.10Unit", "4.3.10Unit\4.3.10Unit.csproj", "{7BA9C19B-B2F8-446B-931B-56B54D06E927}"
EndProject
Project("{FAE04EC0-301F-11D3-BF4B-00C04F79EFBC}") = "4.3.11Unit", "4.3.11\4.3.11Unit.csproj", "{7A764379-90D6-4D34-B135-D2F5FD891749}"
EndProject
Project("{FAE04EC0-301F-11D3-BF4B-00C04F79EFBC}") = "4.3.12Unit", "4.3.12Unit\4.3.12Unit.csproj", "{1E4D79C1-8A6A-4796-89D6-EFD1C916D52F}"
EndProject
Project("{FAE04EC0-301F-11D3-BF4B-00C04F79EFBC}") = "4.3.13Unit", "4.3.13Unit\4.3.13Unit.csproj", "{6CFDBC55-30E0-48ED-A85B-88366BBC08E7}"
EndProject
Project("{FAE04EC0-301F-11D3-BF4B-00C04F79EFBC}") = "4.4.2Unit", "4.4.2Unit\4.4.2Unit.csproj", "{4A090D65-81BC-486B-9BE4-EAF370EF7A3C}"
EndProject
Project("{FAE04EC0-301F-11D3-BF4B-00C04F79EFBC}") = "4.4.5", "4.4.5\4.4.5.csproj", "{3ED63BA2-0268-4803-AF0D-6D35EE158C0F}"
EndProject
Project("{FAE04EC0-301F-11D3-BF4B-00C04F79EFBC}") = "4.5.1Unit", "4.5.1Unit\4.5.1Unit.csproj", "{2FEEEC11-62C9-4E8C-838B-06335978CE88}"
EndProject
Global
	GlobalSection(SolutionConfigurationPlatforms) = preSolution
		Debug|Any CPU = Debug|Any CPU
		Release|Any CPU = Release|Any CPU
	EndGlobalSection
	GlobalSection(ProjectConfigurationPlatforms) = postSolution
		{7CB40A96-933D-49E4-8E06-EEEF231B6608}.Debug|Any CPU.ActiveCfg = Debug|Any CPU
		{7CB40A96-933D-49E4-8E06-EEEF231B6608}.Debug|Any CPU.Build.0 = Debug|Any CPU
		{7CB40A96-933D-49E4-8E06-EEEF231B6608}.Release|Any CPU.ActiveCfg = Release|Any CPU
		{7CB40A96-933D-49E4-8E06-EEEF231B6608}.Release|Any CPU.Build.0 = Release|Any CPU
		{85CBD874-34F1-432E-B881-5AC76E743216}.Debug|Any CPU.ActiveCfg = Debug|Any CPU
		{85CBD874-34F1-432E-B881-5AC76E743216}.Debug|Any CPU.Build.0 = Debug|Any CPU
		{85CBD874-34F1-432E-B881-5AC76E743216}.Release|Any CPU.ActiveCfg = Release|Any CPU
		{85CBD874-34F1-432E-B881-5AC76E743216}.Release|Any CPU.Build.0 = Release|Any CPU
		{1756C036-C35A-4B1F-8A15-526BE485FBEA}.Debug|Any CPU.ActiveCfg = Debug|Any CPU
		{1756C036-C35A-4B1F-8A15-526BE485FBEA}.Debug|Any CPU.Build.0 = Debug|Any CPU
		{1756C036-C35A-4B1F-8A15-526BE485FBEA}.Release|Any CPU.ActiveCfg = Release|Any CPU
		{1756C036-C35A-4B1F-8A15-526BE485FBEA}.Release|Any CPU.Build.0 = Release|Any CPU
		{425DC925-8E4F-432E-B643-C74A6033B657}.Debug|Any CPU.ActiveCfg = Debug|Any CPU
		{425DC925-8E4F-432E-B643-C74A6033B657}.Debug|Any CPU.Build.0 = Debug|Any CPU
		{425DC925-8E4F-432E-B643-C74A6033B657}.Release|Any CPU.ActiveCfg = Release|Any CPU
		{425DC925-8E4F-432E-B643-C74A6033B657}.Release|Any CPU.Build.0 = Release|Any CPU
		{DECB6777-956F-44AD-82C9-FDEAFE4B16EE}.Debug|Any CPU.ActiveCfg = Debug|Any CPU
		{DECB6777-956F-44AD-82C9-FDEAFE4B16EE}.Debug|Any CPU.Build.0 = Debug|Any CPU
		{DECB6777-956F-44AD-82C9-FDEAFE4B16EE}.Release|Any CPU.ActiveCfg = Release|Any CPU
		{DECB6777-956F-44AD-82C9-FDEAFE4B16EE}.Release|Any CPU.Build.0 = Release|Any CPU
		{9BEF3A24-35ED-4F28-894E-5FF17580CCE5}.Debug|Any CPU.ActiveCfg = Debug|Any CPU
		{9BEF3A24-35ED-4F28-894E-5FF17580CCE5}.Debug|Any CPU.Build.0 = Debug|Any CPU
		{9BEF3A24-35ED-4F28-894E-5FF17580CCE5}.Release|Any CPU.ActiveCfg = Release|Any CPU
		{9BEF3A24-35ED-4F28-894E-5FF17580CCE5}.Release|Any CPU.Build.0 = Release|Any CPU
		{E37685E2-8F80-4BB8-94F9-AD43664C33A9}.Debug|Any CPU.ActiveCfg = Debug|Any CPU
		{E37685E2-8F80-4BB8-94F9-AD43664C33A9}.Debug|Any CPU.Build.0 = Debug|Any CPU
		{E37685E2-8F80-4BB8-94F9-AD43664C33A9}.Release|Any CPU.ActiveCfg = Release|Any CPU
		{E37685E2-8F80-4BB8-94F9-AD43664C33A9}.Release|Any CPU.Build.0 = Release|Any CPU
		{2410AD12-C054-40AC-A255-03E7469785E6}.Debug|Any CPU.ActiveCfg = Debug|Any CPU
		{2410AD12-C054-40AC-A255-03E7469785E6}.Debug|Any CPU.Build.0 = Debug|Any CPU
		{2410AD12-C054-40AC-A255-03E7469785E6}.Release|Any CPU.ActiveCfg = Release|Any CPU
		{2410AD12-C054-40AC-A255-03E7469785E6}.Release|Any CPU.Build.0 = Release|Any CPU
		{AE3CBE90-1AEA-4C93-A9BF-6D865CD3367C}.Debug|Any CPU.ActiveCfg = Debug|Any CPU
		{AE3CBE90-1AEA-4C93-A9BF-6D865CD3367C}.Debug|Any CPU.Build.0 = Debug|Any CPU
		{AE3CBE90-1AEA-4C93-A9BF-6D865CD3367C}.Release|Any CPU.ActiveCfg = Release|Any CPU
		{AE3CBE90-1AEA-4C93-A9BF-6D865CD3367C}.Release|Any CPU.Build.0 = Release|Any CPU
		{7BA9C19B-B2F8-446B-931B-56B54D06E927}.Debug|Any CPU.ActiveCfg = Debug|Any CPU
		{7BA9C19B-B2F8-446B-931B-56B54D06E927}.Debug|Any CPU.Build.0 = Debug|Any CPU
		{7BA9C19B-B2F8-446B-931B-56B54D06E927}.Release|Any CPU.ActiveCfg = Release|Any CPU
		{7BA9C19B-B2F8-446B-931B-56B54D06E927}.Release|Any CPU.Build.0 = Release|Any CPU
		{7A764379-90D6-4D34-B135-D2F5FD891749}.Debug|Any CPU.ActiveCfg = Debug|Any CPU
		{7A764379-90D6-4D34-B135-D2F5FD891749}.Debug|Any CPU.Build.0 = Debug|Any CPU
		{7A764379-90D6-4D34-B135-D2F5FD891749}.Release|Any CPU.ActiveCfg = Release|Any CPU
		{7A764379-90D6-4D34-B135-D2F5FD891749}.Release|Any CPU.Build.0 = Release|Any CPU
		{1E4D79C1-8A6A-4796-89D6-EFD1C916D52F}.Debug|Any CPU.ActiveCfg = Debug|Any CPU
		{1E4D79C1-8A6A-4796-89D6-EFD1C916D52F}.Debug|Any CPU.Build.0 = Debug|Any CPU
		{1E4D79C1-8A6A-4796-89D6-EFD1C916D52F}.Release|Any CPU.ActiveCfg = Release|Any CPU
		{1E4D79C1-8A6A-4796-89D6-EFD1C916D52F}.Release|Any CPU.Build.0 = Release|Any CPU
		{6CFDBC55-30E0-48ED-A85B-88366BBC08E7}.Debug|Any CPU.ActiveCfg = Debug|Any CPU
		{6CFDBC55-30E0-48ED-A85B-88366BBC08E7}.Debug|Any CPU.Build.0 = Debug|Any CPU
		{6CFDBC55-30E0-48ED-A85B-88366BBC08E7}.Release|Any CPU.ActiveCfg = Release|Any CPU
		{6CFDBC55-30E0-48ED-A85B-88366BBC08E7}.Release|Any CPU.Build.0 = Release|Any CPU
		{4A090D65-81BC-486B-9BE4-EAF370EF7A3C}.Debug|Any CPU.ActiveCfg = Debug|Any CPU
		{4A090D65-81BC-486B-9BE4-EAF370EF7A3C}.Debug|Any CPU.Build.0 = Debug|Any CPU
		{4A090D65-81BC-486B-9BE4-EAF370EF7A3C}.Release|Any CPU.ActiveCfg = Release|Any CPU
		{4A090D65-81BC-486B-9BE4-EAF370EF7A3C}.Release|Any CPU.Build.0 = Release|Any CPU
		{3ED63BA2-0268-4803-AF0D-6D35EE158C0F}.Debug|Any CPU.ActiveCfg = Debug|Any CPU
		{3ED63BA2-0268-4803-AF0D-6D35EE158C0F}.Debug|Any CPU.Build.0 = Debug|Any CPU
		{3ED63BA2-0268-4803-AF0D-6D35EE158C0F}.Release|Any CPU.ActiveCfg = Release|Any CPU
		{3ED63BA2-0268-4803-AF0D-6D35EE158C0F}.Release|Any CPU.Build.0 = Release|Any CPU
		{2FEEEC11-62C9-4E8C-838B-06335978CE88}.Debug|Any CPU.ActiveCfg = Debug|Any CPU
		{2FEEEC11-62C9-4E8C-838B-06335978CE88}.Debug|Any CPU.Build.0 = Debug|Any CPU
		{2FEEEC11-62C9-4E8C-838B-06335978CE88}.Release|Any CPU.ActiveCfg = Release|Any CPU
		{2FEEEC11-62C9-4E8C-838B-06335978CE88}.Release|Any CPU.Build.0 = Release|Any CPU
	EndGlobalSection
	GlobalSection(SolutionProperties) = preSolution
		HideSolutionNode = FALSE
	EndGlobalSection
	GlobalSection(ExtensibilityGlobals) = postSolution
		SolutionGuid = {5DAEE3CF-B7AC-43A2-98D2-A46EE7410640}
	EndGlobalSection
EndGlobal
