
Microsoft Visual Studio Solution File, Format Version 12.00
# Visual Studio Version 17
VisualStudioVersion = 17.14.36202.13
MinimumVisualStudioVersion = 10.0.40219.1
Project("{FAE04EC0-301F-11D3-BF4B-00C04F79EFBC}") = "FirstApp", "FirstApp\FirstApp.csproj", "{7CB40A96-933D-49E4-8E06-EEEF231B6608}"
EndProject
Project("{FAE04EC0-301F-11D3-BF4B-00C04F79EFBC}") = "ConsoleApp2", "ConsoleApp2\ConsoleApp2.csproj", "{85CBD874-34F1-432E-B881-5AC76E743216}"
EndProject
Project("{FAE04EC0-301F-11D3-BF4B-00C04F79EFBC}") = "Enum", "Enum\Enum.csproj", "{1756C036-C35A-4B1F-8A15-526BE485FBEA}"
EndProject
Project("{FAE04EC0-301F-11D3-BF4B-00C04F79EFBC}") = "Operands", "Operands\Operands.csproj", "{425DC925-8E4F-432E-B643-C74A6033B657}"
EndProject
Project("{FAE04EC0-301F-11D3-BF4B-00C04F79EFBC}") = "Types", "Types\Types.csproj", "{DECB6777-956F-44AD-82C9-FDEAFE4B16EE}"
EndProject
Project("{FAE04EC0-301F-11D3-BF4B-00C04F79EFBC}") = "4.1Modul", "2.4.1Modul\4.1Modul.csproj", "{9BEF3A24-35ED-4F28-894E-5FF17580CCE5}"
EndProject
Project("{FAE04EC0-301F-11D3-BF4B-00C04F79EFBC}") = "4.1.17Unit", "4.1.17Unit\4.1.17Unit.csproj", "{E37685E2-8F80-4BB8-94F9-AD43664C33A9}"
EndProject
Project("{FAE04EC0-301F-11D3-BF4B-00C04F79EFBC}") = "4.2.11Unit", "4.2.11Unit\4.2.11Unit.csproj", "{2410AD12-C054-40AC-A255-03E7469785E6}"
EndProject
Project("{FAE04EC0-301F-11D3-BF4B-00C04F79EFBC}") = "4.3.7Unit", "4.3.1Unit\4.3.7Unit.csproj", "{AE3CBE90-1AEA-4C93-A9BF-6D865CD3367C}"
EndProject
Project("{FAE04EC0-301F-11D3-BF4B-00C04F79EFBC}") = "4.3.10Unit", "4.3.10Unit\4.3.10Unit.csproj", "{7BA9C19B-B2F8-446B-931B-56B54D06E927}"
EndProject
Project("{FAE04EC0-301F-11D3-BF4B-00C04F79EFBC}") = "4.3.11Unit", "4.3.11\4.3.11Unit.csproj", "{7A764379-90D6-4D34-B135-D2F5FD891749}"
EndProject
Project("{FAE04EC0-301F-11D3-BF4B-00C04F79EFBC}") = "4.3.12Unit", "4.3.12Unit\4.3.12Unit.csproj", "{1E4D79C1-8A6A-4796-89D6-EFD1C916D52F}"
EndProject
Project("{FAE04EC0-301F-11D3-BF4B-00C04F79EFBC}") = "4.3.13Unit", "4.3.13Unit\4.3.13Unit.csproj", "{6CFDBC55-30E0-48ED-A85B-88366BBC08E7}"
EndProject
Project("{FAE04EC0-301F-11D3-BF4B-00C04F79EFBC}") = "4.4.2Unit", "4.4.2Unit\4.4.2Unit.csproj", "{4A090D65-81BC-486B-9BE4-EAF370EF7A3C}"
EndProject
Project("{FAE04EC0-301F-11D3-BF4B-00C04F79EFBC}") = "4.4.5", "4.4.5\4.4.5.csproj", "{3ED63BA2-0268-4803-AF0D-6D35EE158C0F}"
EndProject
Project("{FAE04EC0-301F-11D3-BF4B-00C04F79EFBC}") = "4.5.1Unit", "4.5.1Unit\4.5.1Unit.csproj", "{2FEEEC11-62C9-4E8C-838B-06335978CE88}"
EndProject
Project("{FAE04EC0-301F-11D3-BF4B-00C04F79EFBC}") = "5.1Unit", "5.1Unit\5.1Unit.csproj", "{42963B86-E24B-4FBD-A6B8-58F47A564FC4}"
EndProject
Project("{FAE04EC0-301F-11D3-BF4B-00C04F79EFBC}") = "5.1.5Unit", "5.1.5Unit\5.1.5Unit.csproj", "{D8335616-E29C-4E3B-BA10-09864EDF354B}"
EndProject
Project("{FAE04EC0-301F-11D3-BF4B-00C04F79EFBC}") = "5.1.6Unit", "5.1.6Unit\5.1.6Unit.csproj", "{597C4730-CCE8-4588-B365-AFD8B4FEC879}"
EndProject
Project("{FAE04EC0-301F-11D3-BF4B-00C04F79EFBC}") = "5.2.2Unit", "5.2.2Unit\5.2.2Unit.csproj", "{B4AED268-532C-40A0-8BC7-7AD4583F3701}"
EndProject
Project("{FAE04EC0-301F-11D3-BF4B-00C04F79EFBC}") = "5.2.14Unit", "5.2.14Unit\5.2.14Unit.csproj", "{94028C9A-D593-4D3D-B527-6A309125C461}"
EndProject
Project("{FAE04EC0-301F-11D3-BF4B-00C04F79EFBC}") = "5.2.15Unit", "5.2.15Unit\5.2.15Unit.csproj", "{EFDD890A-F92C-4C08-9E33-195EE35001D0}"
EndProject
Project("{FAE04EC0-301F-11D3-BF4B-00C04F79EFBC}") = "5.3.1Unit", "5.3.1Unit\5.3.1Unit.csproj", "{B5CE5805-B516-4AAC-9C83-06380EEB58C6}"
EndProject
Project("{FAE04EC0-301F-11D3-BF4B-00C04F79EFBC}") = "5.3.3Unit", "5.3.3Unit\5.3.3Unit.csproj", "{460EFEF6-F047-4AD2-886B-B1D952CFC26B}"
EndProject
Project("{FAE04EC0-301F-11D3-BF4B-00C04F79EFBC}") = "5.3.6Unit", "5.3.6Unit\5.3.6Unit.csproj", "{EA367172-0533-484C-983C-38915A918643}"
EndProject
Project("{FAE04EC0-301F-11D3-BF4B-00C04F79EFBC}") = "5.3.8Unit", "5.3.8Unit\5.3.8Unit.csproj", "{25E416F8-9441-4E84-9B5B-8913DEE61720}"
EndProject
Project("{FAE04EC0-301F-11D3-BF4B-00C04F79EFBC}") = "5.3.13Unit", "5.3.13Unit\5.3.13Unit.csproj", "{B6A26D97-28BF-4BCB-A111-9518EEA4DED6}"
EndProject
Project("{FAE04EC0-301F-11D3-BF4B-00C04F79EFBC}") = "5.4Unit", "5.4Unit\5.4Unit.csproj", "{6CAE8FFE-3C62-4DA6-AE20-AC5ECC859B07}"
EndProject
Project("{FAE04EC0-301F-11D3-BF4B-00C04F79EFBC}") = "5.5.3Unit", "5.5.3Unit\5.5.3Unit.csproj", "{4CC03716-6976-4719-A267-1590AD43F5F6}"
EndProject
Global
	GlobalSection(SolutionConfigurationPlatforms) = preSolution
		Debug|Any CPU = Debug|Any CPU
		Release|Any CPU = Release|Any CPU
	EndGlobalSection
	GlobalSection(ProjectConfigurationPlatforms) = postSolution
		{7CB40A96-933D-49E4-8E06-EEEF231B6608}.Debug|Any CPU.ActiveCfg = Debug|Any CPU
		{7CB40A96-933D-49E4-8E06-EEEF231B6608}.Debug|Any CPU.Build.0 = Debug|Any CPU
		{7CB40A96-933D-49E4-8E06-EEEF231B6608}.Release|Any CPU.ActiveCfg = Release|Any CPU
		{7CB40A96-933D-49E4-8E06-EEEF231B6608}.Release|Any CPU.Build.0 = Release|Any CPU
		{85CBD874-34F1-432E-B881-5AC76E743216}.Debug|Any CPU.ActiveCfg = Debug|Any CPU
		{85CBD874-34F1-432E-B881-5AC76E743216}.Debug|Any CPU.Build.0 = Debug|Any CPU
		{85CBD874-34F1-432E-B881-5AC76E743216}.Release|Any CPU.ActiveCfg = Release|Any CPU
		{85CBD874-34F1-432E-B881-5AC76E743216}.Release|Any CPU.Build.0 = Release|Any CPU
		{1756C036-C35A-4B1F-8A15-526BE485FBEA}.Debug|Any CPU.ActiveCfg = Debug|Any CPU
		{1756C036-C35A-4B1F-8A15-526BE485FBEA}.Debug|Any CPU.Build.0 = Debug|Any CPU
		{1756C036-C35A-4B1F-8A15-526BE485FBEA}.Release|Any CPU.ActiveCfg = Release|Any CPU
		{1756C036-C35A-4B1F-8A15-526BE485FBEA}.Release|Any CPU.Build.0 = Release|Any CPU
		{425DC925-8E4F-432E-B643-C74A6033B657}.Debug|Any CPU.ActiveCfg = Debug|Any CPU
		{425DC925-8E4F-432E-B643-C74A6033B657}.Debug|Any CPU.Build.0 = Debug|Any CPU
		{425DC925-8E4F-432E-B643-C74A6033B657}.Release|Any CPU.ActiveCfg = Release|Any CPU
		{425DC925-8E4F-432E-B643-C74A6033B657}.Release|Any CPU.Build.0 = Release|Any CPU
		{DECB6777-956F-44AD-82C9-FDEAFE4B16EE}.Debug|Any CPU.ActiveCfg = Debug|Any CPU
		{DECB6777-956F-44AD-82C9-FDEAFE4B16EE}.Debug|Any CPU.Build.0 = Debug|Any CPU
		{DECB6777-956F-44AD-82C9-FDEAFE4B16EE}.Release|Any CPU.ActiveCfg = Release|Any CPU
		{DECB6777-956F-44AD-82C9-FDEAFE4B16EE}.Release|Any CPU.Build.0 = Release|Any CPU
		{9BEF3A24-35ED-4F28-894E-5FF17580CCE5}.Debug|Any CPU.ActiveCfg = Debug|Any CPU
		{9BEF3A24-35ED-4F28-894E-5FF17580CCE5}.Debug|Any CPU.Build.0 = Debug|Any CPU
		{9BEF3A24-35ED-4F28-894E-5FF17580CCE5}.Release|Any CPU.ActiveCfg = Release|Any CPU
		{9BEF3A24-35ED-4F28-894E-5FF17580CCE5}.Release|Any CPU.Build.0 = Release|Any CPU
		{E37685E2-8F80-4BB8-94F9-AD43664C33A9}.Debug|Any CPU.ActiveCfg = Debug|Any CPU
		{E37685E2-8F80-4BB8-94F9-AD43664C33A9}.Debug|Any CPU.Build.0 = Debug|Any CPU
		{E37685E2-8F80-4BB8-94F9-AD43664C33A9}.Release|Any CPU.ActiveCfg = Release|Any CPU
		{E37685E2-8F80-4BB8-94F9-AD43664C33A9}.Release|Any CPU.Build.0 = Release|Any CPU
		{2410AD12-C054-40AC-A255-03E7469785E6}.Debug|Any CPU.ActiveCfg = Debug|Any CPU
		{2410AD12-C054-40AC-A255-03E7469785E6}.Debug|Any CPU.Build.0 = Debug|Any CPU
		{2410AD12-C054-40AC-A255-03E7469785E6}.Release|Any CPU.ActiveCfg = Release|Any CPU
		{2410AD12-C054-40AC-A255-03E7469785E6}.Release|Any CPU.Build.0 = Release|Any CPU
		{AE3CBE90-1AEA-4C93-A9BF-6D865CD3367C}.Debug|Any CPU.ActiveCfg = Debug|Any CPU
		{AE3CBE90-1AEA-4C93-A9BF-6D865CD3367C}.Debug|Any CPU.Build.0 = Debug|Any CPU
		{AE3CBE90-1AEA-4C93-A9BF-6D865CD3367C}.Release|Any CPU.ActiveCfg = Release|Any CPU
		{AE3CBE90-1AEA-4C93-A9BF-6D865CD3367C}.Release|Any CPU.Build.0 = Release|Any CPU
		{7BA9C19B-B2F8-446B-931B-56B54D06E927}.Debug|Any CPU.ActiveCfg = Debug|Any CPU
		{7BA9C19B-B2F8-446B-931B-56B54D06E927}.Debug|Any CPU.Build.0 = Debug|Any CPU
		{7BA9C19B-B2F8-446B-931B-56B54D06E927}.Release|Any CPU.ActiveCfg = Release|Any CPU
		{7BA9C19B-B2F8-446B-931B-56B54D06E927}.Release|Any CPU.Build.0 = Release|Any CPU
		{7A764379-90D6-4D34-B135-D2F5FD891749}.Debug|Any CPU.ActiveCfg = Debug|Any CPU
		{7A764379-90D6-4D34-B135-D2F5FD891749}.Debug|Any CPU.Build.0 = Debug|Any CPU
		{7A764379-90D6-4D34-B135-D2F5FD891749}.Release|Any CPU.ActiveCfg = Release|Any CPU
		{7A764379-90D6-4D34-B135-D2F5FD891749}.Release|Any CPU.Build.0 = Release|Any CPU
		{1E4D79C1-8A6A-4796-89D6-EFD1C916D52F}.Debug|Any CPU.ActiveCfg = Debug|Any CPU
		{1E4D79C1-8A6A-4796-89D6-EFD1C916D52F}.Debug|Any CPU.Build.0 = Debug|Any CPU
		{1E4D79C1-8A6A-4796-89D6-EFD1C916D52F}.Release|Any CPU.ActiveCfg = Release|Any CPU
		{1E4D79C1-8A6A-4796-89D6-EFD1C916D52F}.Release|Any CPU.Build.0 = Release|Any CPU
		{6CFDBC55-30E0-48ED-A85B-88366BBC08E7}.Debug|Any CPU.ActiveCfg = Debug|Any CPU
		{6CFDBC55-30E0-48ED-A85B-88366BBC08E7}.Debug|Any CPU.Build.0 = Debug|Any CPU
		{6CFDBC55-30E0-48ED-A85B-88366BBC08E7}.Release|Any CPU.ActiveCfg = Release|Any CPU
		{6CFDBC55-30E0-48ED-A85B-88366BBC08E7}.Release|Any CPU.Build.0 = Release|Any CPU
		{4A090D65-81BC-486B-9BE4-EAF370EF7A3C}.Debug|Any CPU.ActiveCfg = Debug|Any CPU
		{4A090D65-81BC-486B-9BE4-EAF370EF7A3C}.Debug|Any CPU.Build.0 = Debug|Any CPU
		{4A090D65-81BC-486B-9BE4-EAF370EF7A3C}.Release|Any CPU.ActiveCfg = Release|Any CPU
		{4A090D65-81BC-486B-9BE4-EAF370EF7A3C}.Release|Any CPU.Build.0 = Release|Any CPU
		{3ED63BA2-0268-4803-AF0D-6D35EE158C0F}.Debug|Any CPU.ActiveCfg = Debug|Any CPU
		{3ED63BA2-0268-4803-AF0D-6D35EE158C0F}.Debug|Any CPU.Build.0 = Debug|Any CPU
		{3ED63BA2-0268-4803-AF0D-6D35EE158C0F}.Release|Any CPU.ActiveCfg = Release|Any CPU
		{3ED63BA2-0268-4803-AF0D-6D35EE158C0F}.Release|Any CPU.Build.0 = Release|Any CPU
		{2FEEEC11-62C9-4E8C-838B-06335978CE88}.Debug|Any CPU.ActiveCfg = Debug|Any CPU
		{2FEEEC11-62C9-4E8C-838B-06335978CE88}.Debug|Any CPU.Build.0 = Debug|Any CPU
		{2FEEEC11-62C9-4E8C-838B-06335978CE88}.Release|Any CPU.ActiveCfg = Release|Any CPU
		{2FEEEC11-62C9-4E8C-838B-06335978CE88}.Release|Any CPU.Build.0 = Release|Any CPU
		{42963B86-E24B-4FBD-A6B8-58F47A564FC4}.Debug|Any CPU.ActiveCfg = Debug|Any CPU
		{42963B86-E24B-4FBD-A6B8-58F47A564FC4}.Debug|Any CPU.Build.0 = Debug|Any CPU
		{42963B86-E24B-4FBD-A6B8-58F47A564FC4}.Release|Any CPU.ActiveCfg = Release|Any CPU
		{42963B86-E24B-4FBD-A6B8-58F47A564FC4}.Release|Any CPU.Build.0 = Release|Any CPU
		{D8335616-E29C-4E3B-BA10-09864EDF354B}.Debug|Any CPU.ActiveCfg = Debug|Any CPU
		{D8335616-E29C-4E3B-BA10-09864EDF354B}.Debug|Any CPU.Build.0 = Debug|Any CPU
		{D8335616-E29C-4E3B-BA10-09864EDF354B}.Release|Any CPU.ActiveCfg = Release|Any CPU
		{D8335616-E29C-4E3B-BA10-09864EDF354B}.Release|Any CPU.Build.0 = Release|Any CPU
		{597C4730-CCE8-4588-B365-AFD8B4FEC879}.Debug|Any CPU.ActiveCfg = Debug|Any CPU
		{597C4730-CCE8-4588-B365-AFD8B4FEC879}.Debug|Any CPU.Build.0 = Debug|Any CPU
		{597C4730-CCE8-4588-B365-AFD8B4FEC879}.Release|Any CPU.ActiveCfg = Release|Any CPU
		{597C4730-CCE8-4588-B365-AFD8B4FEC879}.Release|Any CPU.Build.0 = Release|Any CPU
		{B4AED268-532C-40A0-8BC7-7AD4583F3701}.Debug|Any CPU.ActiveCfg = Debug|Any CPU
		{B4AED268-532C-40A0-8BC7-7AD4583F3701}.Debug|Any CPU.Build.0 = Debug|Any CPU
		{B4AED268-532C-40A0-8BC7-7AD4583F3701}.Release|Any CPU.ActiveCfg = Release|Any CPU
		{B4AED268-532C-40A0-8BC7-7AD4583F3701}.Release|Any CPU.Build.0 = Release|Any CPU
		{94028C9A-D593-4D3D-B527-6A309125C461}.Debug|Any CPU.ActiveCfg = Debug|Any CPU
		{94028C9A-D593-4D3D-B527-6A309125C461}.Debug|Any CPU.Build.0 = Debug|Any CPU
		{94028C9A-D593-4D3D-B527-6A309125C461}.Release|Any CPU.ActiveCfg = Release|Any CPU
		{94028C9A-D593-4D3D-B527-6A309125C461}.Release|Any CPU.Build.0 = Release|Any CPU
		{EFDD890A-F92C-4C08-9E33-195EE35001D0}.Debug|Any CPU.ActiveCfg = Debug|Any CPU
		{EFDD890A-F92C-4C08-9E33-195EE35001D0}.Debug|Any CPU.Build.0 = Debug|Any CPU
		{EFDD890A-F92C-4C08-9E33-195EE35001D0}.Release|Any CPU.ActiveCfg = Release|Any CPU
		{EFDD890A-F92C-4C08-9E33-195EE35001D0}.Release|Any CPU.Build.0 = Release|Any CPU
		{B5CE5805-B516-4AAC-9C83-06380EEB58C6}.Debug|Any CPU.ActiveCfg = Debug|Any CPU
		{B5CE5805-B516-4AAC-9C83-06380EEB58C6}.Debug|Any CPU.Build.0 = Debug|Any CPU
		{B5CE5805-B516-4AAC-9C83-06380EEB58C6}.Release|Any CPU.ActiveCfg = Release|Any CPU
		{B5CE5805-B516-4AAC-9C83-06380EEB58C6}.Release|Any CPU.Build.0 = Release|Any CPU
		{460EFEF6-F047-4AD2-886B-B1D952CFC26B}.Debug|Any CPU.ActiveCfg = Debug|Any CPU
		{460EFEF6-F047-4AD2-886B-B1D952CFC26B}.Debug|Any CPU.Build.0 = Debug|Any CPU
		{460EFEF6-F047-4AD2-886B-B1D952CFC26B}.Release|Any CPU.ActiveCfg = Release|Any CPU
		{460EFEF6-F047-4AD2-886B-B1D952CFC26B}.Release|Any CPU.Build.0 = Release|Any CPU
		{EA367172-0533-484C-983C-38915A918643}.Debug|Any CPU.ActiveCfg = Debug|Any CPU
		{EA367172-0533-484C-983C-38915A918643}.Debug|Any CPU.Build.0 = Debug|Any CPU
		{EA367172-0533-484C-983C-38915A918643}.Release|Any CPU.ActiveCfg = Release|Any CPU
		{EA367172-0533-484C-983C-38915A918643}.Release|Any CPU.Build.0 = Release|Any CPU
		{25E416F8-9441-4E84-9B5B-8913DEE61720}.Debug|Any CPU.ActiveCfg = Debug|Any CPU
		{25E416F8-9441-4E84-9B5B-8913DEE61720}.Debug|Any CPU.Build.0 = Debug|Any CPU
		{25E416F8-9441-4E84-9B5B-8913DEE61720}.Release|Any CPU.ActiveCfg = Release|Any CPU
		{25E416F8-9441-4E84-9B5B-8913DEE61720}.Release|Any CPU.Build.0 = Release|Any CPU
		{B6A26D97-28BF-4BCB-A111-9518EEA4DED6}.Debug|Any CPU.ActiveCfg = Debug|Any CPU
		{B6A26D97-28BF-4BCB-A111-9518EEA4DED6}.Debug|Any CPU.Build.0 = Debug|Any CPU
		{B6A26D97-28BF-4BCB-A111-9518EEA4DED6}.Release|Any CPU.ActiveCfg = Release|Any CPU
		{B6A26D97-28BF-4BCB-A111-9518EEA4DED6}.Release|Any CPU.Build.0 = Release|Any CPU
		{6CAE8FFE-3C62-4DA6-AE20-AC5ECC859B07}.Debug|Any CPU.ActiveCfg = Debug|Any CPU
		{6CAE8FFE-3C62-4DA6-AE20-AC5ECC859B07}.Debug|Any CPU.Build.0 = Debug|Any CPU
		{6CAE8FFE-3C62-4DA6-AE20-AC5ECC859B07}.Release|Any CPU.ActiveCfg = Release|Any CPU
		{6CAE8FFE-3C62-4DA6-AE20-AC5ECC859B07}.Release|Any CPU.Build.0 = Release|Any CPU
		{4CC03716-6976-4719-A267-1590AD43F5F6}.Debug|Any CPU.ActiveCfg = Debug|Any CPU
		{4CC03716-6976-4719-A267-1590AD43F5F6}.Debug|Any CPU.Build.0 = Debug|Any CPU
		{4CC03716-6976-4719-A267-1590AD43F5F6}.Release|Any CPU.ActiveCfg = Release|Any CPU
		{4CC03716-6976-4719-A267-1590AD43F5F6}.Release|Any CPU.Build.0 = Release|Any CPU
	EndGlobalSection
	GlobalSection(SolutionProperties) = preSolution
		HideSolutionNode = FALSE
	EndGlobalSection
	GlobalSection(ExtensibilityGlobals) = postSolution
		SolutionGuid = {5DAEE3CF-B7AC-43A2-98D2-A46EE7410640}
	EndGlobalSection
EndGlobal
